github.com/gorilla/mux v1.8.0 h1:i40aqfkR1h2SlN9hojwV5ZA91wcXFOvkdNIeFDP5koI=
github.com/gorilla/mux v1.8.0/go.mod h1:DVbg23sWSpFRCP0SfiEN6jmj59UnW/n46BH5rLB71So=
github.com/naveenprakashjk24/go_lang_task v0.0.0-20151004175740-4744c9314dcb h1:zmOHw5Vkt3qSiK4sRgzWuCtCi/GuyBQDTgpnU5simwc=
github.com/naveenprakashjk24/go_lang_task v0.0.0-20151004175740-4744c9314dcb/go.mod h1:dmXZ/il2t7Zx3nnomTVnNGvuST8yY6+ylY0HqrL0FrU=
